lockfileVersion: '6.0'

settings:
  autoInstallPeers: true
  excludeLinksFromLockfile: false

dependencies:
  mustache:
    specifier: ^4.2.0
    version: 4.2.0

devDependencies:
  '@types/mustache':
    specifier: ^4.2.5
    version: 4.2.5
  '@types/node':
    specifier: ^20.10.3
    version: 20.10.3

packages:

  /@types/mustache@4.2.5:
    resolution: {integrity: sha512-PLwiVvTBg59tGFL/8VpcGvqOu3L4OuveNvPi0EYbWchRdEVP++yRUXJPFl+CApKEq13017/4Nf7aQ5lTtHUNsA==}
    dev: true

  /@types/node@20.10.3:
    resolution: {integrity: sha512-XJavIpZqiXID5Yxnxv3RUDKTN5b81ddNC3ecsA0SoFXz/QU8OGBwZGMomiq0zw+uuqbL/krztv/DINAQ/EV4gg==}
    dependencies:
      undici-types: 5.26.5
    dev: true

  /mustache@4.2.0:
    resolution: {integrity: sha512-71ippSywq5Yb7/tVYyGbkBggbU8H3u5Rz56fH60jGFgr8uHwxs+aSKeqmluIVzM0m0kB7xQjKS6qPfd0b2ZoqQ==}
    hasBin: true
    dev: false

  /undici-types@5.26.5:
    resolution: {integrity: sha512-JlCMO+ehdEIKqlFxk6IfVoAUVmgz7cU7zD/h9XZ0qzeosSHmUJVOzSQvvYSYWXkFXC+IfLKSIffhv0sVZup6pA==}
    dev: true
